Microsoft Visual Studio Solution File, Format Version 12.00
# Visual Studio Version 17
VisualStudioVersion = 17.5.2.0
MinimumVisualStudioVersion = 10.0.40219.1
Project("{FAE04EC0-301F-11D3-BF4B-00C04F79EFBC}") = "DukaInventory", "DukaInventory\DukaInventory.csproj", "{ABF5FB6D-7F9E-908E-16F3-00CF2A7C35A7}"
EndProject
Global
	GlobalSection(SolutionConfigurationPlatforms) = preSolution
		Debug|Any CPU = Debug|Any CPU
		Release|Any CPU = Release|Any CPU
	EndGlobalSection
	GlobalSection(ProjectConfigurationPlatforms) = postSolution
		{ABF5FB6D-7F9E-908E-16F3-00CF2A7C35A7}.Debug|Any CPU.ActiveCfg = Debug|Any CPU
		{ABF5FB6D-7F9E-908E-16F3-00CF2A7C35A7}.Debug|Any CPU.Build.0 = Debug|Any CPU
		{ABF5FB6D-7F9E-908E-16F3-00CF2A7C35A7}.Release|Any CPU.ActiveCfg = Release|Any CPU
		{ABF5FB6D-7F9E-908E-16F3-00CF2A7C35A7}.Release|Any CPU.Build.0 = Release|Any CPU
	EndGlobalSection
	GlobalSection(SolutionProperties) = preSolution
		HideSolutionNode = FALSE
	EndGlobalSection
	GlobalSection(ExtensibilityGlobals) = postSolution
		SolutionGuid = {EF6C3B78-FD15-4C46-AB62-54E7B39DDBDF}
	EndGlobalSection
EndGlobal
